
Microsoft Visual Studio Solution File, Format Version 12.00
# Visual Studio Version 17
VisualStudioVersion = 17.1.32414.318
MinimumVisualStudioVersion = 10.0.40219.1
Project("{FAE04EC0-301F-11D3-BF4B-00C04F79EFBC}") = "InterestsApi", "InterestsApi\InterestsApi.csproj", "{00AA1C6B-4523-465C-8331-00448FF985E3}"
EndProject
Global
	GlobalSection(SolutionConfigurationPlatforms) = preSolution
		Debug|Any CPU = Debug|Any CPU
		Release|Any CPU = Release|Any CPU
	EndGlobalSection
	GlobalSection(ProjectConfigurationPlatforms) = postSolution
		{00AA1C6B-4523-465C-8331-00448FF985E3}.Debug|Any CPU.ActiveCfg = Debug|Any CPU
		{00AA1C6B-4523-465C-8331-00448FF985E3}.Debug|Any CPU.Build.0 = Debug|Any CPU
		{00AA1C6B-4523-465C-8331-00448FF985E3}.Release|Any CPU.ActiveCfg = Release|Any CPU
		{00AA1C6B-4523-465C-8331-00448FF985E3}.Release|Any CPU.Build.0 = Release|Any CPU
	EndGlobalSection
	GlobalSection(SolutionProperties) = preSolution
		HideSolutionNode = FALSE
	EndGlobalSection
	GlobalSection(ExtensibilityGlobals) = postSolution
		SolutionGuid = {5B62FD74-0AEB-447A-BB37-46AD7B5ABF9D}
	EndGlobalSection
EndGlobal
